// !$*UTF8*$!
{
	archiveVersion = 1;
	classes = {
	};
	objectVersion = 77;
	objects = {

/* Begin PBXContainerItemProxy section */
		9613D6722D7E770300E9CA1D /* PBXContainerItemProxy */ = {
			isa = PBXContainerItemProxy;
			containerPortal = 9613D6592D7E770000E9CA1D /* Project object */;
			proxyType = 1;
			remoteGlobalIDString = 9613D6602D7E770000E9CA1D;
			remoteInfo = softbox;
		};
		9613D67C2D7E770300E9CA1D /* PBXContainerItemProxy */ = {
			isa = PBXContainerItemProxy;
			containerPortal = 9613D6592D7E770000E9CA1D /* Project object */;
			proxyType = 1;
			remoteGlobalIDString = 9613D6602D7E770000E9CA1D;
			remoteInfo = softbox;
		};
/* End PBXContainerItemProxy section */

/* Begin PBXFileReference section */
		9613D6612D7E770000E9CA1D /* softbox.app */ = {isa = PBXFileReference; explicitFileType = wrapper.application; includeInIndex = 0; path = softbox.app; sourceTree = BUILT_PRODUCTS_DIR; };
		9613D6712D7E770300E9CA1D /* softboxTests.xctest */ = {isa = PBXFileReference; explicitFileType = wrapper.cfbundle; includeInIndex = 0; path = softboxTests.xctest; sourceTree = BUILT_PRODUCTS_DIR; };
		9613D67B2D7E770300E9CA1D /* softboxUITests.xctest */ = {isa = PBXFileReference; explicitFileType = wrapper.cfbundle; includeInIndex = 0; path = softboxUITests.xctest; sourceTree = BUILT_PRODUCTS_DIR; };
/* End PBXFileReference section */

/* Begin PBXFileSystemSynchronizedBuildFileExceptionSet section */
		9613D6A72D7E7CBD00E9CA1D /* Exceptions for "softbox" folder in "softbox" target */ = {
			isa = PBXFileSystemSynchronizedBuildFileExceptionSet;
			membershipExceptions = (
				Info.plist,
			);
			target = 9613D6602D7E770000E9CA1D /* softbox */;
		};
/* End PBXFileSystemSynchronizedBuildFileExceptionSet section */

/* Begin PBXFileSystemSynchronizedRootGroup section */
		9613D6632D7E770000E9CA1D /* softbox */ = {
			isa = PBXFileSystemSynchronizedRootGroup;
			exceptions = (
				9613D6A72D7E7CBD00E9CA1D /* Exceptions for "softbox" folder in "softbox" target */,
			);
			path = softbox;
			sourceTree = "<group>";
		};
		9613D6742D7E770300E9CA1D /* softboxTests */ = {
			isa = PBXFileSystemSynchronizedRootGroup;
			path = softboxTests;
			sourceTree = "<group>";
		};
		9613D67E2D7E770300E9CA1D /* softboxUITests */ = {
			isa = PBXFileSystemSynchronizedRootGroup;
			path = softboxUITests;
			sourceTree = "<group>";
		};
/* End PBXFileSystemSynchronizedRootGroup section */

/* Begin PBXFrameworksBuildPhase section */
		9613D65E2D7E770000E9CA1D /* Frameworks */ = {
			isa = PBXFrameworksBuildPhase;
			buildActionMask = 2147483647;
			files = (
			);
			runOnlyForDeploymentPostprocessing = 0;
		};
		9613D66E2D7E770300E9CA1D /* Frameworks */ = {
			isa = PBXFrameworksBuildPhase;
			buildActionMask = 2147483647;
			files = (
			);
			runOnlyForDeploymentPostprocessing = 0;
		};
		9613D6782D7E770300E9CA1D /* Frameworks */ = {
			isa = PBXFrameworksBuildPhase;
			buildActionMask = 2147483647;
			files = (
			);
			runOnlyForDeploymentPostprocessing = 0;
		};
/* End PBXFrameworksBuildPhase section */

/* Begin PBXGroup section */
		9613D6582D7E770000E9CA1D = {
			isa = PBXGroup;
			children = (
				9613D6632D7E770000E9CA1D /* softbox */,
				9613D6742D7E770300E9CA1D /* softboxTests */,
				9613D67E2D7E770300E9CA1D /* softboxUITests */,
				9613D6622D7E770000E9CA1D /* Products */,
			);
			sourceTree = "<group>";
		};
		9613D6622D7E770000E9CA1D /* Products */ = {
			isa = PBXGroup;
			children = (
				9613D6612D7E770000E9CA1D /* softbox.app */,
				9613D6712D7E770300E9CA1D /* softboxTests.xctest */,
				9613D67B2D7E770300E9CA1D /* softboxUITests.xctest */,
			);
			name = Products;
			sourceTree = "<group>";
		};
/* End PBXGroup section */

/* Begin PBXNativeTarget section */
		9613D6602D7E770000E9CA1D /* softbox */ = {
			isa = PBXNativeTarget;
			buildConfigurationList = 9613D6852D7E770300E9CA1D /* Build configuration list for PBXNativeTarget "softbox" */;
			buildPhases = (
				9613D65D2D7E770000E9CA1D /* Sources */,
				9613D65E2D7E770000E9CA1D /* Frameworks */,
				9613D65F2D7E770000E9CA1D /* Resources */,
			);
			buildRules = (
			);
			dependencies = (
			);
			fileSystemSynchronizedGroups = (
				9613D6632D7E770000E9CA1D /* softbox */,
			);
			name = softbox;
			packageProductDependencies = (
			);
			productName = softbox;
			productReference = 9613D6612D7E770000E9CA1D /* softbox.app */;
			productType = "com.apple.product-type.application";
		};
		9613D6702D7E770300E9CA1D /* softboxTests */ = {
			isa = PBXNativeTarget;
			buildConfigurationList = 9613D6882D7E770300E9CA1D /* Build configuration list for PBXNativeTarget "softboxTests" */;
			buildPhases = (
				9613D66D2D7E770300E9CA1D /* Sources */,
				9613D66E2D7E770300E9CA1D /* Frameworks */,
				9613D66F2D7E770300E9CA1D /* Resources */,
			);
			buildRules = (
			);
			dependencies = (
				9613D6732D7E770300E9CA1D /* PBXTargetDependency */,
			);
			fileSystemSynchronizedGroups = (
				9613D6742D7E770300E9CA1D /* softboxTests */,
			);
			name = softboxTests;
			packageProductDependencies = (
			);
			productName = softboxTests;
			productReference = 9613D6712D7E770300E9CA1D /* softboxTests.xctest */;
			productType = "com.apple.product-type.bundle.unit-test";
		};
		9613D67A2D7E770300E9CA1D /* softboxUITests */ = {
			isa = PBXNativeTarget;
			buildConfigurationList = 9613D68B2D7E770300E9CA1D /* Build configuration list for PBXNativeTarget "softboxUITests" */;
			buildPhases = (
				9613D6772D7E770300E9CA1D /* Sources */,
				9613D6782D7E770300E9CA1D /* Frameworks */,
				9613D6792D7E770300E9CA1D /* Resources */,
			);
			buildRules = (
			);
			dependencies = (
				9613D67D2D7E770300E9CA1D /* PBXTargetDependency */,
			);
			fileSystemSynchronizedGroups = (
				9613D67E2D7E770300E9CA1D /* softboxUITests */,
			);
			name = softboxUITests;
			packageProductDependencies = (
			);
			productName = softboxUITests;
			productReference = 9613D67B2D7E770300E9CA1D /* softboxUITests.xctest */;
			productType = "com.apple.product-type.bundle.ui-testing";
		};
/* End PBXNativeTarget section */

/* Begin PBXProject section */
		9613D6592D7E770000E9CA1D /* Project object */ = {
			isa = PBXProject;
			attributes = {
				BuildIndependentTargetsInParallel = 1;
				LastSwiftUpdateCheck = 1620;
				LastUpgradeCheck = 1620;
				TargetAttributes = {
					9613D6602D7E770000E9CA1D = {
						CreatedOnToolsVersion = 16.2;
					};
					9613D6702D7E770300E9CA1D = {
						CreatedOnToolsVersion = 16.2;
						TestTargetID = 9613D6602D7E770000E9CA1D;
					};
					9613D67A2D7E770300E9CA1D = {
						CreatedOnToolsVersion = 16.2;
						TestTargetID = 9613D6602D7E770000E9CA1D;
					};
				};
			};
			buildConfigurationList = 9613D65C2D7E770000E9CA1D /* Build configuration list for PBXProject "softbox" */;
			developmentRegion = en;
			hasScannedForEncodings = 0;
			knownRegions = (
				en,
				Base,
			);
			mainGroup = 9613D6582D7E770000E9CA1D;
			minimizedProjectReferenceProxies = 1;
			preferredProjectObjectVersion = 77;
			productRefGroup = 9613D6622D7E770000E9CA1D /* Products */;
			projectDirPath = "";
			projectRoot = "";
			targets = (
				9613D6602D7E770000E9CA1D /* softbox */,
				9613D6702D7E770300E9CA1D /* softboxTests */,
				9613D67A2D7E770300E9CA1D /* softboxUITests */,
			);
		};
/* End PBXProject section */

/* Begin PBXResourcesBuildPhase section */
		9613D65F2D7E770000E9CA1D /* Resources */ = {
			isa = PBXResourcesBuildPhase;
			buildActionMask = 2147483647;
			files = (
			);
			runOnlyForDeploymentPostprocessing = 0;
		};
		9613D66F2D7E770300E9CA1D /* Resources */ = {
			isa = PBXResourcesBuildPhase;
			buildActionMask = 2147483647;
			files = (
			);
			runOnlyForDeploymentPostprocessing = 0;
		};
		9613D6792D7E770300E9CA1D /* Resources */ = {
			isa = PBXResourcesBuildPhase;
			buildActionMask = 2147483647;
			files = (
			);
			runOnlyForDeploymentPostprocessing = 0;
		};
/* End PBXResourcesBuildPhase section */

/* Begin PBXSourcesBuildPhase section */
		9613D65D2D7E770000E9CA1D /* Sources */ = {
			isa = PBXSourcesBuildPhase;
			buildActionMask = 2147483647;
			files = (
			);
			runOnlyForDeploymentPostprocessing = 0;
		};
		9613D66D2D7E770300E9CA1D /* Sources */ = {
			isa = PBXSourcesBuildPhase;
			buildActionMask = 2147483647;
			files = (
			);
			runOnlyForDeploymentPostprocessing = 0;
		};
		9613D6772D7E770300E9CA1D /* Sources */ = {
			isa = PBXSourcesBuildPhase;
			buildActionMask = 2147483647;
			files = (
			);
			runOnlyForDeploymentPostprocessing = 0;
		};
/* End PBXSourcesBuildPhase section */

/* Begin PBXTargetDependency section */
		9613D6732D7E770300E9CA1D /* PBXTargetDependency */ = {
			isa = PBXTargetDependency;
			target = 9613D6602D7E770000E9CA1D /* softbox */;
			targetProxy = 9613D6722D7E770300E9CA1D /* PBXContainerItemProxy */;
		};
		9613D67D2D7E770300E9CA1D /* PBXTargetDependency */ = {
			isa = PBXTargetDependency;
			target = 9613D6602D7E770000E9CA1D /* softbox */;
			targetProxy = 9613D67C2D7E770300E9CA1D /* PBXContainerItemProxy */;
		};
/* End PBXTargetDependency section */

/* Begin XCBuildConfiguration section */
		9613D6832D7E770300E9CA1D /* Debug */ = {
			isa = XCBuildConfiguration;
			buildSettings = {
				ALWAYS_SEARCH_USER_PATHS = NO;
				ASSETCATALOG_COMPILER_GENERATE_SWIFT_ASSET_SYMBOL_EXTENSIONS = YES;
				CLANG_ANALYZER_NONNULL = YES;
				CLANG_ANALYZER_NUMBER_OBJECT_CONVERSION = YES_AGGRESSIVE;
				CLANG_CXX_LANGUAGE_STANDARD = "gnu++20";
				CLANG_ENABLE_MODULES = YES;
				CLANG_ENABLE_OBJC_ARC = YES;
				CLANG_ENABLE_OBJC_WEAK = YES;
				CLANG_WARN_BLOCK_CAPTURE_AUTORELEASING = YES;
				CLANG_WARN_BOOL_CONVERSION = YES;
				CLANG_WARN_COMMA = YES;
				CLANG_WARN_CONSTANT_CONVERSION = YES;
				CLANG_WARN_DEPRECATED_OBJC_IMPLEMENTATIONS = YES;
				CLANG_WARN_DIRECT_OBJC_ISA_USAGE = YES_ERROR;
				CLANG_WARN_DOCUMENTATION_COMMENTS = YES;
				CLANG_WARN_EMPTY_BODY = YES;
				CLANG_WARN_ENUM_CONVERSION = YES;
				CLANG_WARN_INFINITE_RECURSION = YES;
				CLANG_WARN_INT_CONVERSION = YES;
				CLANG_WARN_NON_LITERAL_NULL_CONVERSION = YES;
				CLANG_WARN_OBJC_IMPLICIT_RETAIN_SELF = YES;
				CLANG_WARN_OBJC_LITERAL_CONVERSION = YES;
				CLANG_WARN_OBJC_ROOT_CLASS = YES_ERROR;
				CLANG_WARN_QUOTED_INCLUDE_IN_FRAMEWORK_HEADER = YES;
				CLANG_WARN_RANGE_LOOP_ANALYSIS = YES;
				CLANG_WARN_STRICT_PROTOTYPES = YES;
				CLANG_WARN_SUSPICIOUS_MOVE = YES;
				CLANG_WARN_UNGUARDED_AVAILABILITY = YES_AGGRESSIVE;
				CLANG_WARN_UNREACHABLE_CODE = YES;
				CLANG_WARN__DUPLICATE_METHOD_MATCH = YES;
				COPY_PHASE_STRIP = NO;
				DEBUG_INFORMATION_FORMAT = dwarf;
				ENABLE_STRICT_OBJC_MSGSEND = YES;
				ENABLE_TESTABILITY = YES;
				ENABLE_USER_SCRIPT_SANDBOXING = YES;
				GCC_C_LANGUAGE_STANDARD = gnu17;
				GCC_DYNAMIC_NO_PIC = NO;
				GCC_NO_COMMON_BLOCKS = YES;
				GCC_OPTIMIZATION_LEVEL = 0;
				GCC_PREPROCESSOR_DEFINITIONS = (
					"DEBUG=1",
					"$(inherited)",
				);
				GCC_WARN_64_TO_32_BIT_CONVERSION = YES;
				GCC_WARN_ABOUT_RETURN_TYPE = YES_ERROR;
				GCC_WARN_UNDECLARED_SELECTOR = YES;
				GCC_WARN_UNINITIALIZED_AUTOS = YES_AGGRESSIVE;
				GCC_WARN_UNUSED_FUNCTION = YES;
				GCC_WARN_UNUSED_VARIABLE = YES;
				IPHONEOS_DEPLOYMENT_TARGET = 18.2;
				LOCALIZATION_PREFERS_STRING_CATALOGS = YES;
				MTL_ENABLE_DEBUG_INFO = INCLUDE_SOURCE;
				MTL_FAST_MATH = YES;
				ONLY_ACTIVE_ARCH = YES;
				SDKROOT = iphoneos;
				SWIFT_ACTIVE_COMPILATION_CONDITIONS = "DEBUG $(inherited)";
				SWIFT_OPTIMIZATION_LEVEL = "-Onone";
			};
			name = Debug;
		};
		9613D6842D7E770300E9CA1D /* Release */ = {
			isa = XCBuildConfiguration;
			buildSettings = {
				ALWAYS_SEARCH_USER_PATHS = NO;
				ASSETCATALOG_COMPILER_GENERATE_SWIFT_ASSET_SYMBOL_EXTENSIONS = YES;
				CLANG_ANALYZER_NONNULL = YES;
				CLANG_ANALYZER_NUMBER_OBJECT_CONVERSION = YES_AGGRESSIVE;
				CLANG_CXX_LANGUAGE_STANDARD = "gnu++20";
				CLANG_ENABLE_MODULES = YES;
				CLANG_ENABLE_OBJC_ARC = YES;
				CLANG_ENABLE_OBJC_WEAK = YES;
				CLANG_WARN_BLOCK_CAPTURE_AUTORELEASING = YES;
				CLANG_WARN_BOOL_CONVERSION = YES;
				CLANG_WARN_COMMA = YES;
				CLANG_WARN_CONSTANT_CONVERSION = YES;
				CLANG_WARN_DEPRECATED_OBJC_IMPLEMENTATIONS = YES;
				CLANG_WARN_DIRECT_OBJC_ISA_USAGE = YES_ERROR;
				CLANG_WARN_DOCUMENTATION_COMMENTS = YES;
				CLANG_WARN_EMPTY_BODY = YES;
				CLANG_WARN_ENUM_CONVERSION = YES;
				CLANG_WARN_INFINITE_RECURSION = YES;
				CLANG_WARN_INT_CONVERSION = YES;
				CLANG_WARN_NON_LITERAL_NULL_CONVERSION = YES;
				CLANG_WARN_OBJC_IMPLICIT_RETAIN_SELF = YES;
				CLANG_WARN_OBJC_LITERAL_CONVERSION = YES;
				CLANG_WARN_OBJC_ROOT_CLASS = YES_ERROR;
				CLANG_WARN_QUOTED_INCLUDE_IN_FRAMEWORK_HEADER = YES;
				CLANG_WARN_RANGE_LOOP_ANALYSIS = YES;
				CLANG_WARN_STRICT_PROTOTYPES = YES;
				CLANG_WARN_SUSPICIOUS_MOVE = YES;
				CLANG_WARN_UNGUARDED_AVAILABILITY = YES_AGGRESSIVE;
				CLANG_WARN_UNREACHABLE_CODE = YES;
				CLANG_WARN__DUPLICATE_METHOD_MATCH = YES;
				COPY_PHASE_STRIP = NO;
				DEBUG_INFORMATION_FORMAT = "dwarf-with-dsym";
				ENABLE_NS_ASSERTIONS = NO;
				ENABLE_STRICT_OBJC_MSGSEND = YES;
				ENABLE_USER_SCRIPT_SANDBOXING = YES;
				GCC_C_LANGUAGE_STANDARD = gnu17;
				GCC_NO_COMMON_BLOCKS = YES;
				GCC_WARN_64_TO_32_BIT_CONVERSION = YES;
				GCC_WARN_ABOUT_RETURN_TYPE = YES_ERROR;
				GCC_WARN_UNDECLARED_SELECTOR = YES;
				GCC_WARN_UNINITIALIZED_AUTOS = YES_AGGRESSIVE;
				GCC_WARN_UNUSED_FUNCTION = YES;
				GCC_WARN_UNUSED_VARIABLE = YES;
				IPHONEOS_DEPLOYMENT_TARGET = 18.2;
				LOCALIZATION_PREFERS_STRING_CATALOGS = YES;
				MTL_ENABLE_DEBUG_INFO = NO;
				MTL_FAST_MATH = YES;
				SDKROOT = iphoneos;
				SWIFT_COMPILATION_MODE = wholemodule;
				VALIDATE_PRODUCT = YES;
			};
			name = Release;
		};
		9613D6862D7E770300E9CA1D /* Debug */ = {
			isa = XCBuildConfiguration;
			buildSettings = {
				ASSETCATALOG_COMPILER_APPICON_NAME = AppIcon;
				ASSETCATALOG_COMPILER_GLOBAL_ACCENT_COLOR_NAME = AccentColor;
				"CODE_SIGN_IDENTITY[sdk=iphoneos*]" = "iPhone Developer";
				CODE_SIGN_STYLE = Manual;
				CURRENT_PROJECT_VERSION = 1;
				DEVELOPMENT_ASSET_PATHS = "\"softbox/Preview Content\"";
				DEVELOPMENT_TEAM = "";
				"DEVELOPMENT_TEAM[sdk=iphoneos*]" = HLX2VK46WD;
				ENABLE_PREVIEWS = YES;
				GENERATE_INFOPLIST_FILE = YES;
				INFOPLIST_FILE = softbox/Info.plist;
				INFOPLIST_KEY_NSCameraUsageDescription = "需要访问相机以提供自拍补光功能";
				INFOPLIST_KEY_NSMicrophoneUsageDescription = "需要访问麦克风以录制视频";
				INFOPLIST_KEY_NSPhotoLibraryAddUsageDescription = "需要保存照片到相册";
				INFOPLIST_KEY_NSPhotoLibraryUsageDescription = "需要访问相册以保存拍摄的照片";
				INFOPLIST_KEY_UIApplicationSceneManifest_Generation = YES;
				INFOPLIST_KEY_UIApplicationSupportsIndirectInputEvents = YES;
				INFOPLIST_KEY_UILaunchScreen_Generation = YES;
				INFOPLIST_KEY_UISupportedInterfaceOrientations_iPad = "UIInterfaceOrientationPortrait UIInterfaceOrientationPortraitUpsideDown UIInterfaceOrientationLandscapeLeft UIInterfaceOrientationLandscapeRight";
				INFOPLIST_KEY_UISupportedInterfaceOrientations_iPhone = "UIInterfaceOrientationPortrait UIInterfaceOrientationLandscapeLeft UIInterfaceOrientationLandscapeRight";
				IPHONEOS_DEPLOYMENT_TARGET = 15.0;
				LD_RUNPATH_SEARCH_PATHS = (
					"$(inherited)",
					"@executable_path/Frameworks",
				);
				MARKETING_VERSION = 1.0;
				PRODUCT_BUNDLE_IDENTIFIER = com.fenghua.softbox;
				PRODUCT_NAME = "$(TARGET_NAME)";
				PROVISIONING_PROFILE_SPECIFIER = "";
				"PROVISIONING_PROFILE_SPECIFIER[sdk=iphoneos*]" = com.fenghua.softbox.developer;
				SWIFT_EMIT_LOC_STRINGS = YES;
				SWIFT_VERSION = 5.0;
				TARGETED_DEVICE_FAMILY = "1,2";
			};
			name = Debug;
		};
		9613D6872D7E770300E9CA1D /* Release */ = {
			isa = XCBuildConfiguration;
			buildSettings = {
				ASSETCATALOG_COMPILER_APPICON_NAME = AppIcon;
				ASSETCATALOG_COMPILER_GLOBAL_ACCENT_COLOR_NAME = AccentColor;
				"CODE_SIGN_IDENTITY[sdk=iphoneos*]" = "iPhone Developer";
				CODE_SIGN_STYLE = Manual;
				CURRENT_PROJECT_VERSION = 1;
				DEVELOPMENT_ASSET_PATHS = "\"softbox/Preview Content\"";
				DEVELOPMENT_TEAM = "";
				"DEVELOPMENT_TEAM[sdk=iphoneos*]" = HLX2VK46WD;
				ENABLE_PREVIEWS = YES;
				GENERATE_INFOPLIST_FILE = YES;
				INFOPLIST_FILE = softbox/Info.plist;
				INFOPLIST_KEY_NSCameraUsageDescription = "需要访问相机以提供自拍补光功能";
				INFOPLIST_KEY_NSMicrophoneUsageDescription = "需要访问麦克风以录制视频";
				INFOPLIST_KEY_NSPhotoLibraryAddUsageDescription = "需要保存照片到相册";
				INFOPLIST_KEY_NSPhotoLibraryUsageDescription = "需要访问相册以保存拍摄的照片";
				INFOPLIST_KEY_UIApplicationSceneManifest_Generation = YES;
				INFOPLIST_KEY_UIApplicationSupportsIndirectInputEvents = YES;
				INFOPLIST_KEY_UILaunchScreen_Generation = YES;
				INFOPLIST_KEY_UISupportedInterfaceOrientations_iPad = "UIInterfaceOrientationPortrait UIInterfaceOrientationPortraitUpsideDown UIInterfaceOrientationLandscapeLeft UIInterfaceOrientationLandscapeRight";
				INFOPLIST_KEY_UISupportedInterfaceOrientations_iPhone = "UIInterfaceOrientationPortrait UIInterfaceOrientationLandscapeLeft UIInterfaceOrientationLandscapeRight";
				IPHONEOS_DEPLOYMENT_TARGET = 15.0;
				LD_RUNPATH_SEARCH_PATHS = (
					"$(inherited)",
					"@executable_path/Frameworks",
				);
				MARKETING_VERSION = 1.0;
				PRODUCT_BUNDLE_IDENTIFIER = com.fenghua.softbox;
				PRODUCT_NAME = "$(TARGET_NAME)";
				PROVISIONING_PROFILE_SPECIFIER = "";
				"PROVISIONING_PROFILE_SPECIFIER[sdk=iphoneos*]" = com.fenghua.softbox.developer;
				SWIFT_EMIT_LOC_STRINGS = YES;
				SWIFT_VERSION = 5.0;
				TARGETED_DEVICE_FAMILY = "1,2";
			};
			name = Release;
		};
		9613D6892D7E770300E9CA1D /* Debug */ = {
			isa = XCBuildConfiguration;
			buildSettings = {
				BUNDLE_LOADER = "$(TEST_HOST)";
				CODE_SIGN_STYLE = Automatic;
				CURRENT_PROJECT_VERSION = 1;
				DEVELOPMENT_TEAM = 946L9BDKP5;
				GENERATE_INFOPLIST_FILE = YES;
				IPHONEOS_DEPLOYMENT_TARGET = 18.2;
				MARKETING_VERSION = 1.0;
				PRODUCT_BUNDLE_IDENTIFIER = com.fenghua.softboxTests;
				PRODUCT_NAME = "$(TARGET_NAME)";
				SWIFT_EMIT_LOC_STRINGS = NO;
				SWIFT_VERSION = 5.0;
				TARGETED_DEVICE_FAMILY = "1,2";
				TEST_HOST = "$(BUILT_PRODUCTS_DIR)/softbox.app/$(BUNDLE_EXECUTABLE_FOLDER_PATH)/softbox";
			};
			name = Debug;
		};
		9613D68A2D7E770300E9CA1D /* Release */ = {
			isa = XCBuildConfiguration;
			buildSettings = {
				BUNDLE_LOADER = "$(TEST_HOST)";
				CODE_SIGN_STYLE = Automatic;
				CURRENT_PROJECT_VERSION = 1;
				DEVELOPMENT_TEAM = 946L9BDKP5;
				GENERATE_INFOPLIST_FILE = YES;
				IPHONEOS_DEPLOYMENT_TARGET = 18.2;
				MARKETING_VERSION = 1.0;
				PRODUCT_BUNDLE_IDENTIFIER = com.fenghua.softboxTests;
				PRODUCT_NAME = "$(TARGET_NAME)";
				SWIFT_EMIT_LOC_STRINGS = NO;
				SWIFT_VERSION = 5.0;
				TARGETED_DEVICE_FAMILY = "1,2";
				TEST_HOST = "$(BUILT_PRODUCTS_DIR)/softbox.app/$(BUNDLE_EXECUTABLE_FOLDER_PATH)/softbox";
			};
			name = Release;
		};
		9613D68C2D7E770300E9CA1D /* Debug */ = {
			isa = XCBuildConfiguration;
			buildSettings = {
				CODE_SIGN_STYLE = Automatic;
				CURRENT_PROJECT_VERSION = 1;
				DEVELOPMENT_TEAM = 946L9BDKP5;
				GENERATE_INFOPLIST_FILE = YES;
				MARKETING_VERSION = 1.0;
				PRODUCT_BUNDLE_IDENTIFIER = com.fenghua.softboxUITests;
				PRODUCT_NAME = "$(TARGET_NAME)";
				SWIFT_EMIT_LOC_STRINGS = NO;
				SWIFT_VERSION = 5.0;
				TARGETED_DEVICE_FAMILY = "1,2";
				TEST_TARGET_NAME = softbox;
			};
			name = Debug;
		};
		9613D68D2D7E770300E9CA1D /* Release */ = {
			isa = XCBuildConfiguration;
			buildSettings = {
				CODE_SIGN_STYLE = Automatic;
				CURRENT_PROJECT_VERSION = 1;
				DEVELOPMENT_TEAM = 946L9BDKP5;
				GENERATE_INFOPLIST_FILE = YES;
				MARKETING_VERSION = 1.0;
				PRODUCT_BUNDLE_IDENTIFIER = com.fenghua.softboxUITests;
				PRODUCT_NAME = "$(TARGET_NAME)";
				SWIFT_EMIT_LOC_STRINGS = NO;
				SWIFT_VERSION = 5.0;
				TARGETED_DEVICE_FAMILY = "1,2";
				TEST_TARGET_NAME = softbox;
			};
			name = Release;
		};
/* End XCBuildConfiguration section */

/* Begin XCConfigurationList section */
		9613D65C2D7E770000E9CA1D /* Build configuration list for PBXProject "softbox" */ = {
			isa = XCConfigurationList;
			buildConfigurations = (
				9613D6832D7E770300E9CA1D /* Debug */,
				9613D6842D7E770300E9CA1D /* Release */,
			);
			defaultConfigurationIsVisible = 0;
			defaultConfigurationName = Release;
		};
		9613D6852D7E770300E9CA1D /* Build configuration list for PBXNativeTarget "softbox" */ = {
			isa = XCConfigurationList;
			buildConfigurations = (
				9613D6862D7E770300E9CA1D /* Debug */,
				9613D6872D7E770300E9CA1D /* Release */,
			);
			defaultConfigurationIsVisible = 0;
			defaultConfigurationName = Release;
		};
		9613D6882D7E770300E9CA1D /* Build configuration list for PBXNativeTarget "softboxTests" */ = {
			isa = XCConfigurationList;
			buildConfigurations = (
				9613D6892D7E770300E9CA1D /* Debug */,
				9613D68A2D7E770300E9CA1D /* Release */,
			);
			defaultConfigurationIsVisible = 0;
			defaultConfigurationName = Release;
		};
		9613D68B2D7E770300E9CA1D /* Build configuration list for PBXNativeTarget "softboxUITests" */ = {
			isa = XCConfigurationList;
			buildConfigurations = (
				9613D68C2D7E770300E9CA1D /* Debug */,
				9613D68D2D7E770300E9CA1D /* Release */,
			);
			defaultConfigurationIsVisible = 0;
			defaultConfigurationName = Release;
		};
/* End XCConfigurationList section */
	};
	rootObject = 9613D6592D7E770000E9CA1D /* Project object */;
}
